
Microsoft Visual Studio Solution File, Format Version 12.00
# Visual Studio Version 16
VisualStudioVersion = 16.0.29926.136
MinimumVisualStudioVersion = 15.0.26124.0
Project("{2150E333-8FDC-42A3-9474-1A3956D46DE8}") = "apps", "apps", "{3DFD15D6-BB26-4235-BD75-BC0F8517266E}"
EndProject
Project("{9A19103F-16F7-4668-BE54-9A1E7A4F7556}") = "IutAmiens.ProgReseau.SampleApi", "apps\IutAmiens.ProgReseau.SampleApi\IutAmiens.ProgReseau.SampleApi.csproj", "{3BB7A153-9F0C-48AE-8A6F-1F35B12F25F5}"
EndProject
Global
	GlobalSection(SolutionConfigurationPlatforms) = preSolution
		Debug|Any CPU = Debug|Any CPU
		Debug|x64 = Debug|x64
		Debug|x86 = Debug|x86
		Release|Any CPU = Release|Any CPU
		Release|x64 = Release|x64
		Release|x86 = Release|x86
	EndGlobalSection
	GlobalSection(ProjectConfigurationPlatforms) = postSolution
		{3BB7A153-9F0C-48AE-8A6F-1F35B12F25F5}.Debug|Any CPU.ActiveCfg = Debug|Any CPU
		{3BB7A153-9F0C-48AE-8A6F-1F35B12F25F5}.Debug|Any CPU.Build.0 = Debug|Any CPU
		{3BB7A153-9F0C-48AE-8A6F-1F35B12F25F5}.Debug|x64.ActiveCfg = Debug|Any CPU
		{3BB7A153-9F0C-48AE-8A6F-1F35B12F25F5}.Debug|x64.Build.0 = Debug|Any CPU
		{3BB7A153-9F0C-48AE-8A6F-1F35B12F25F5}.Debug|x86.ActiveCfg = Debug|Any CPU
		{3BB7A153-9F0C-48AE-8A6F-1F35B12F25F5}.Debug|x86.Build.0 = Debug|Any CPU
		{3BB7A153-9F0C-48AE-8A6F-1F35B12F25F5}.Release|Any CPU.ActiveCfg = Release|Any CPU
		{3BB7A153-9F0C-48AE-8A6F-1F35B12F25F5}.Release|Any CPU.Build.0 = Release|Any CPU
		{3BB7A153-9F0C-48AE-8A6F-1F35B12F25F5}.Release|x64.ActiveCfg = Release|Any CPU
		{3BB7A153-9F0C-48AE-8A6F-1F35B12F25F5}.Release|x64.Build.0 = Release|Any CPU
		{3BB7A153-9F0C-48AE-8A6F-1F35B12F25F5}.Release|x86.ActiveCfg = Release|Any CPU
		{3BB7A153-9F0C-48AE-8A6F-1F35B12F25F5}.Release|x86.Build.0 = Release|Any CPU
	EndGlobalSection
	GlobalSection(SolutionProperties) = preSolution
		HideSolutionNode = FALSE
	EndGlobalSection
	GlobalSection(NestedProjects) = preSolution
		{3BB7A153-9F0C-48AE-8A6F-1F35B12F25F5} = {3DFD15D6-BB26-4235-BD75-BC0F8517266E}
	EndGlobalSection
	GlobalSection(ExtensibilityGlobals) = postSolution
		SolutionGuid = {32CD5690-DC8F-4F04-9418-82F4B3988A40}
	EndGlobalSection
EndGlobal
